
Microsoft Visual Studio Solution File, Format Version 12.00
# Visual Studio 15
VisualStudioVersion = 15.0.28307.539
MinimumVisualStudioVersion = 10.0.40219.1
Project("{FAE04EC0-301F-11D3-BF4B-00C04F79EFBC}") = "New game", "New game\New game.csproj", "{588D8622-C08C-4490-A03C-EE1092559E20}"
EndProject
Global
	GlobalSection(SolutionConfigurationPlatforms) = preSolution
		Debug|Any CPU = Debug|Any CPU
		Release|Any CPU = Release|Any CPU
	EndGlobalSection
	GlobalSection(ProjectConfigurationPlatforms) = postSolution
		{588D8622-C08C-4490-A03C-EE1092559E20}.Debug|Any CPU.ActiveCfg = Debug|Any CPU
		{588D8622-C08C-4490-A03C-EE1092559E20}.Debug|Any CPU.Build.0 = Debug|Any CPU
		{588D8622-C08C-4490-A03C-EE1092559E20}.Release|Any CPU.ActiveCfg = Release|Any CPU
		{588D8622-C08C-4490-A03C-EE1092559E20}.Release|Any CPU.Build.0 = Release|Any CPU
	EndGlobalSection
	GlobalSection(SolutionProperties) = preSolution
		HideSolutionNode = FALSE
	EndGlobalSection
	GlobalSection(ExtensibilityGlobals) = postSolution
		SolutionGuid = {AAEEE574-E96E-4F38-A341-98DE8D797694}
	EndGlobalSection
EndGlobal
